
Microsoft Visual Studio Solution File, Format Version 12.00
# Visual Studio Version 17
VisualStudioVersion = 17.8.34408.163
MinimumVisualStudioVersion = 10.0.40219.1
Project("{9A19103F-16F7-4668-BE54-9A1E7A4F7556}") = "FormulaEvaluator", "FormulaEvaluator\FormulaEvaluator.csproj", "{6B0CC6B5-54D6-42FF-A4FB-FD362AF248F8}"
EndProject
Project("{9A19103F-16F7-4668-BE54-9A1E7A4F7556}") = "FormulaEvaluatorTester", "FormulaEvaluatorTester\FormulaEvaluatorTester.csproj", "{487C93A6-DECB-4B22-8BF9-5D9C551C9D0A}"
EndProject
Project("{2150E333-8FDC-42A3-9474-1A3956D46DE8}") = "솔루션 항목", "솔루션 항목", "{91573D03-54E0-4A8C-9399-BC586998857E}"
	ProjectSection(SolutionItems) = preProject
		README.md = README.md
	EndProjectSection
EndProject
Project("{9A19103F-16F7-4668-BE54-9A1E7A4F7556}") = "DependencyGraph", "DependencyGraph\DependencyGraph.csproj", "{3AEF80ED-C214-403B-AB43-945B63E5FDCC}"
EndProject
Project("{9A19103F-16F7-4668-BE54-9A1E7A4F7556}") = "DependencyGraphTests", "DependencyGraphTests\DependencyGraphTests.csproj", "{83B2F2D5-C1EF-4A7E-BCE4-983596FC1B78}"
EndProject
Project("{9A19103F-16F7-4668-BE54-9A1E7A4F7556}") = "Formula", "Formula\Formula.csproj", "{573B26F3-A053-4E2A-BE52-40B0B8B20B7B}"
EndProject
Project("{9A19103F-16F7-4668-BE54-9A1E7A4F7556}") = "FormulaTests", "FormulaTests\FormulaTests.csproj", "{E3468776-EFC4-43DA-805B-E82D4325BF22}"
EndProject
Project("{9A19103F-16F7-4668-BE54-9A1E7A4F7556}") = "Spreadsheet", "Spreadsheet\Spreadsheet.csproj", "{657EF34C-6A15-4941-BCA9-560A6FD97B4F}"
EndProject
Project("{9A19103F-16F7-4668-BE54-9A1E7A4F7556}") = "SpreadSheetMethods", "Methods\SpreadSheetMethods.csproj", "{7FB5A0F1-1432-4702-8BBE-08CE9BDF4551}"
EndProject
Project("{9A19103F-16F7-4668-BE54-9A1E7A4F7556}") = "SpreadSheetCell", "Cells\SpreadSheetCell.csproj", "{EB943E9F-8940-4918-97E6-D74DC775C26C}"
EndProject
Project("{9A19103F-16F7-4668-BE54-9A1E7A4F7556}") = "SpreadsheetTests", "SpreadsheetTests\SpreadsheetTests.csproj", "{EAF05B6E-D067-4274-AB4B-7E054F89A65C}"
EndProject
Global
	GlobalSection(SolutionConfigurationPlatforms) = preSolution
		Debug|Any CPU = Debug|Any CPU
		Release|Any CPU = Release|Any CPU
	EndGlobalSection
	GlobalSection(ProjectConfigurationPlatforms) = postSolution
		{6B0CC6B5-54D6-42FF-A4FB-FD362AF248F8}.Debug|Any CPU.ActiveCfg = Debug|Any CPU
		{6B0CC6B5-54D6-42FF-A4FB-FD362AF248F8}.Debug|Any CPU.Build.0 = Debug|Any CPU
		{6B0CC6B5-54D6-42FF-A4FB-FD362AF248F8}.Release|Any CPU.ActiveCfg = Release|Any CPU
		{6B0CC6B5-54D6-42FF-A4FB-FD362AF248F8}.Release|Any CPU.Build.0 = Release|Any CPU
		{487C93A6-DECB-4B22-8BF9-5D9C551C9D0A}.Debug|Any CPU.ActiveCfg = Debug|Any CPU
		{487C93A6-DECB-4B22-8BF9-5D9C551C9D0A}.Debug|Any CPU.Build.0 = Debug|Any CPU
		{487C93A6-DECB-4B22-8BF9-5D9C551C9D0A}.Release|Any CPU.ActiveCfg = Release|Any CPU
		{487C93A6-DECB-4B22-8BF9-5D9C551C9D0A}.Release|Any CPU.Build.0 = Release|Any CPU
		{3AEF80ED-C214-403B-AB43-945B63E5FDCC}.Debug|Any CPU.ActiveCfg = Debug|Any CPU
		{3AEF80ED-C214-403B-AB43-945B63E5FDCC}.Debug|Any CPU.Build.0 = Debug|Any CPU
		{3AEF80ED-C214-403B-AB43-945B63E5FDCC}.Release|Any CPU.ActiveCfg = Release|Any CPU
		{3AEF80ED-C214-403B-AB43-945B63E5FDCC}.Release|Any CPU.Build.0 = Release|Any CPU
		{83B2F2D5-C1EF-4A7E-BCE4-983596FC1B78}.Debug|Any CPU.ActiveCfg = Debug|Any CPU
		{83B2F2D5-C1EF-4A7E-BCE4-983596FC1B78}.Debug|Any CPU.Build.0 = Debug|Any CPU
		{83B2F2D5-C1EF-4A7E-BCE4-983596FC1B78}.Release|Any CPU.ActiveCfg = Release|Any CPU
		{83B2F2D5-C1EF-4A7E-BCE4-983596FC1B78}.Release|Any CPU.Build.0 = Release|Any CPU
		{573B26F3-A053-4E2A-BE52-40B0B8B20B7B}.Debug|Any CPU.ActiveCfg = Debug|Any CPU
		{573B26F3-A053-4E2A-BE52-40B0B8B20B7B}.Debug|Any CPU.Build.0 = Debug|Any CPU
		{573B26F3-A053-4E2A-BE52-40B0B8B20B7B}.Release|Any CPU.ActiveCfg = Release|Any CPU
		{573B26F3-A053-4E2A-BE52-40B0B8B20B7B}.Release|Any CPU.Build.0 = Release|Any CPU
		{E3468776-EFC4-43DA-805B-E82D4325BF22}.Debug|Any CPU.ActiveCfg = Debug|Any CPU
		{E3468776-EFC4-43DA-805B-E82D4325BF22}.Debug|Any CPU.Build.0 = Debug|Any CPU
		{E3468776-EFC4-43DA-805B-E82D4325BF22}.Release|Any CPU.ActiveCfg = Release|Any CPU
		{E3468776-EFC4-43DA-805B-E82D4325BF22}.Release|Any CPU.Build.0 = Release|Any CPU
		{657EF34C-6A15-4941-BCA9-560A6FD97B4F}.Debug|Any CPU.ActiveCfg = Debug|Any CPU
		{657EF34C-6A15-4941-BCA9-560A6FD97B4F}.Debug|Any CPU.Build.0 = Debug|Any CPU
		{657EF34C-6A15-4941-BCA9-560A6FD97B4F}.Release|Any CPU.ActiveCfg = Release|Any CPU
		{657EF34C-6A15-4941-BCA9-560A6FD97B4F}.Release|Any CPU.Build.0 = Release|Any CPU
		{7FB5A0F1-1432-4702-8BBE-08CE9BDF4551}.Debug|Any CPU.ActiveCfg = Debug|Any CPU
		{7FB5A0F1-1432-4702-8BBE-08CE9BDF4551}.Debug|Any CPU.Build.0 = Debug|Any CPU
		{7FB5A0F1-1432-4702-8BBE-08CE9BDF4551}.Release|Any CPU.ActiveCfg = Release|Any CPU
		{7FB5A0F1-1432-4702-8BBE-08CE9BDF4551}.Release|Any CPU.Build.0 = Release|Any CPU
		{EB943E9F-8940-4918-97E6-D74DC775C26C}.Debug|Any CPU.ActiveCfg = Debug|Any CPU
		{EB943E9F-8940-4918-97E6-D74DC775C26C}.Debug|Any CPU.Build.0 = Debug|Any CPU
		{EB943E9F-8940-4918-97E6-D74DC775C26C}.Release|Any CPU.ActiveCfg = Release|Any CPU
		{EB943E9F-8940-4918-97E6-D74DC775C26C}.Release|Any CPU.Build.0 = Release|Any CPU
		{EAF05B6E-D067-4274-AB4B-7E054F89A65C}.Debug|Any CPU.ActiveCfg = Debug|Any CPU
		{EAF05B6E-D067-4274-AB4B-7E054F89A65C}.Debug|Any CPU.Build.0 = Debug|Any CPU
		{EAF05B6E-D067-4274-AB4B-7E054F89A65C}.Release|Any CPU.ActiveCfg = Release|Any CPU
		{EAF05B6E-D067-4274-AB4B-7E054F89A65C}.Release|Any CPU.Build.0 = Release|Any CPU
	EndGlobalSection
	GlobalSection(SolutionProperties) = preSolution
		HideSolutionNode = FALSE
	EndGlobalSection
	GlobalSection(ExtensibilityGlobals) = postSolution
		SolutionGuid = {7056E0DE-2805-4C23-BFD8-BDE27DF5ABE0}
	EndGlobalSection
EndGlobal
